github.com/aws/aws-sdk-go v1.15.77 h1:qlut2MDI5mRKllPC6grO5n9M8UhPQg1TIA9cYAkC/gc=
github.com/aws/aws-sdk-go v1.15.77/go.mod h1:E3/ieXAlvM0XWO57iftYVDLLvQ824smPP3ATZkfNZeM=
github.com/google/uuid v1.0.0/go.mod h1:TIyPZe4MgqvfeYDBFedMoGGpEw/LqOeaOT+nhxU+yHo=
github.com/google/uuid v1.1.1 h1:Gkbcsh/GbpXz7lPftLA3P6TYMwjCLYm83jiFQZF/3gY=
github.com/google/uuid v1.1.1/go.mod h1:TIyPZe4MgqvfeYDBFedMoGGpEw/LqOeaOT+nhxU+yHo=
github.com/graniticio/granitic-yaml/v2 v2.0.0 h1:AEODrpo1rXU3u4Brtoh4njYyovjrUN5fdEJp8j/6IXI=
github.com/graniticio/granitic-yaml/v2 v2.0.0/go.mod h1:xbAWJs7tUjwSF6UpEHpZOJR1KxKMDMTAwOcX6VLs5XY=
github.com/graniticio/granitic/v2 v2.0.0/go.mod h1:eX2bLqj4d6rYNVb0pC0Gk1f6vAC8QFbcI3INetQMBnk=
github.com/graniticio/granitic/v2 v2.0.2 h1:g2Q9Na+l5xAoc/ObvQ6r055Cpimc44wSLSRE68zZCOU=
github.com/graniticio/granitic/v2 v2.0.2/go.mod h1:eX2bLqj4d6rYNVb0pC0Gk1f6vAC8QFbcI3INetQMBnk=
github.com/jmespath/go-jmespath v0.0.0-20160202185014-0b12d6b521d8 h1:12VvqtR6Aowv3l/EQUlocDHW2Cp4G9WJVH7uyH8QFJE=
github.com/jmespath/go-jmespath v0.0.0-20160202185014-0b12d6b521d8/go.mod h1:Nht3zPeWKUH0NzdCt2Blrr5ys8VGpn0CEB0cQHVjt7k=
gopkg.in/check.v1 v0.0.0-20161208181325-20d25e280405/go.mod h1:Co6ibVJAznAaIkqp8huTwlJQCZ016jof/cbN4VW5Yz0=
gopkg.in/yaml.v2 v2.2.2 h1:ZCJp+EgiOT7lHqUV2J862kp8Qj64Jo6az82+3Td9dZw=
gopkg.in/yaml.v2 v2.2.2/go.mod h1:hI93XBmqTisBFMUTm0b8Fm+jr3Dg1NNxqwp+5A1VGuI=
